{
  "name": "code-review-render",
  "version": "0.0.0",
  "lockfileVersion": 3,
  "requires": true,
  "packages": {
    "": {
      "name": "code-review-render",
      "version": "0.0.0",
      "devDependencies": {
        "@types/node": "^20.12.5",
        "@zip.js/zip.js": "^2.7.41",
        "shiki": "^1.2.4"
      }
    },
    "node_modules/@shikijs/core": {
      "version": "1.2.4",
      "resolved": "https://registry.npmjs.org/@shikijs/core/-/core-1.2.4.tgz",
      "integrity": "sha512-ClaUWpt8oTzjcF0MM1P81AeWyzc1sNSJlAjMG80CbwqbFqXSNz+NpQVUC0icobt3sZn43Sn27M4pHD/Jmp3zHw==",
      "dev": true
    },
    "node_modules/@types/node": {
      "version": "20.12.5",
      "resolved": "https://registry.npmjs.org/@types/node/-/node-20.12.5.tgz",
      "integrity": "sha512-BD+BjQ9LS/D8ST9p5uqBxghlN+S42iuNxjsUGjeZobe/ciXzk2qb1B6IXc6AnRLS+yFJRpN2IPEHMzwspfDJNw==",
      "dev": true,
      "dependencies": {
        "undici-types": "~5.26.4"
      }
    },
    "node_modules/@zip.js/zip.js": {
      "version": "2.7.41",
      "resolved": "https://registry.npmjs.org/@zip.js/zip.js/-/zip.js-2.7.41.tgz",
      "integrity": "sha512-EMxPWXlEqqvsK9jxPmNvEShrIXP2LYTdQnEfsBH6OQCnlZRVo/dJIgtzbKvtK9A8PBTDQdxwxulj+QKplmW2Xg==",
      "dev": true,
      "engines": {
        "bun": ">=0.7.0",
        "deno": ">=1.0.0",
        "node": ">=16.5.0"
      }
    },
    "node_modules/shiki": {
      "version": "1.2.4",
      "resolved": "https://registry.npmjs.org/shiki/-/shiki-1.2.4.tgz",
      "integrity": "sha512-Q9n9jKiOjJCRPztA9POn3/uZXNySHDNKAsPNpmtHDcFyi6ZQhx5vQKZW3Nhrwn8TWW3RudSRk66zqY603EZDeg==",
      "dev": true,
      "dependencies": {
        "@shikijs/core": "1.2.4"
      }
    },
    "node_modules/undici-types": {
      "version": "5.26.5",
      "resolved": "https://registry.npmjs.org/undici-types/-/undici-types-5.26.5.tgz",
      "integrity": "sha512-JlCMO+ehdEIKqlFxk6IfVoAUVmgz7cU7zD/h9XZ0qzeosSHmUJVOzSQvvYSYWXkFXC+IfLKSIffhv0sVZup6pA==",
      "dev": true
    }
  }
}
